# THIS IS AN AUTOGENERATED FILE. DO NOT EDIT THIS FILE DIRECTLY.
# yarn lockfile v1


"@parcel/plugin@^2.0.0-nightly.208":
  version "2.0.0-nightly.261"
  resolved "https://registry.yarnpkg.com/@parcel/plugin/-/plugin-2.0.0-nightly.261.tgz#1168d4541ab5eeaa4e375e3a2cd7eafddf7bf0dc"
  integrity sha512-t8RkCS2AGv7dibf1M6F5R4x4VCrcLIR3lERu/4n/05s6agy16si/KAQZRfvST4ffloN2w3tdFA68h/VGnGknGQ==
  dependencies:
    "@parcel/types" "2.0.0-nightly.261+ab50b2f0"

"@parcel/types@2.0.0-nightly.261+ab50b2f0":
  version "2.0.0-nightly.261"
  resolved "https://registry.yarnpkg.com/@parcel/types/-/types-2.0.0-nightly.261.tgz#3334ee16c04737037379b3fbcad71143a91df93b"
  integrity sha512-GmqNECwo+o8KfeehSgoJAjDxEDDG9z2DbKA85Tj5TSEoFdZ6D9Y5Myq7OS2prcJlJ4Cdmxow5u8ZXmOEkddRLw==

object-hash@^2.0.3:
  version "2.0.3"
  resolved "https://registry.yarnpkg.com/object-hash/-/object-hash-2.0.3.tgz#d12db044e03cd2ca3d77c0570d87225b02e1e6ea"
  integrity sha512-JPKn0GMu+Fa3zt3Bmr66JhokJU5BaNBIh4ZeTlaCBzrBsOeXzwcKKAK1tbLiPKgvwmPXsDvvLHoWh5Bm7ofIYg==
