# THIS IS AN AUTOGENERATED FILE. DO NOT EDIT THIS FILE DIRECTLY.
# yarn lockfile v1


"@pexo/utils@^0.0.0-alpha.1":
  version "0.0.0-alpha.1"
  resolved "https://registry.yarnpkg.com/@pexo/utils/-/utils-0.0.0-alpha.1.tgz#041f23a87368cc1f0cd0120ee16f93e9822f23c9"
  integrity sha512-pEMnjeGZkOcFEGi2FXEEoWug0oysgbHCWPUL4ig7KrjQKYkhtDthG8VyyPEHh0e3jhRNVVoSEFR9ISySoGVd8A==

"@types/object-hash@^1.3.1":
  version "1.3.1"
  resolved "https://registry.yarnpkg.com/@types/object-hash/-/object-hash-1.3.1.tgz#b8145122b230bad5a13cba52016e78c54dae6ed5"
  integrity sha512-xhLwbVGAXi/LJEowMjRY1anbF5sQWeuocVjaMrFYy4bOEpl79A4eIby3xlowbkXytUdbISwOZB+vQx9Y/n0p8A==

object-hash@^2.0.3:
  version "2.0.3"
  resolved "https://registry.yarnpkg.com/object-hash/-/object-hash-2.0.3.tgz#d12db044e03cd2ca3d77c0570d87225b02e1e6ea"
  integrity sha512-JPKn0GMu+Fa3zt3Bmr66JhokJU5BaNBIh4ZeTlaCBzrBsOeXzwcKKAK1tbLiPKgvwmPXsDvvLHoWh5Bm7ofIYg==
